
Microsoft Visual Studio Solution File, Format Version 12.00
# Visual Studio Version 16
VisualStudioVersion = 16.0.29728.190
MinimumVisualStudioVersion = 10.0.40219.1
Project("{9A19103F-16F7-4668-BE54-9A1E7A4F7556}") = "WebAPI.MoneyXChange", "WebAPI.MoneyXChange\WebAPI.MoneyXChange.csproj", "{F7232943-3EBC-41F4-8E76-161B617EB54A}"
EndProject
Project("{FAE04EC0-301F-11D3-BF4B-00C04F79EFBC}") = "WebAPI.MoneyXChange.UnitTest", "WebAPI.MoneyXChange.UnitTest\WebAPI.MoneyXChange.UnitTest.csproj", "{B824F0CF-1C7A-455C-8B2C-299789EB0DCA}"
EndProject
Global
	GlobalSection(SolutionConfigurationPlatforms) = preSolution
		Debug|Any CPU = Debug|Any CPU
		Release|Any CPU = Release|Any CPU
	EndGlobalSection
	GlobalSection(ProjectConfigurationPlatforms) = postSolution
		{F7232943-3EBC-41F4-8E76-161B617EB54A}.Debug|Any CPU.ActiveCfg = Debug|Any CPU
		{F7232943-3EBC-41F4-8E76-161B617EB54A}.Debug|Any CPU.Build.0 = Debug|Any CPU
		{F7232943-3EBC-41F4-8E76-161B617EB54A}.Release|Any CPU.ActiveCfg = Release|Any CPU
		{F7232943-3EBC-41F4-8E76-161B617EB54A}.Release|Any CPU.Build.0 = Release|Any CPU
		{B824F0CF-1C7A-455C-8B2C-299789EB0DCA}.Debug|Any CPU.ActiveCfg = Debug|Any CPU
		{B824F0CF-1C7A-455C-8B2C-299789EB0DCA}.Debug|Any CPU.Build.0 = Debug|Any CPU
		{B824F0CF-1C7A-455C-8B2C-299789EB0DCA}.Release|Any CPU.ActiveCfg = Release|Any CPU
		{B824F0CF-1C7A-455C-8B2C-299789EB0DCA}.Release|Any CPU.Build.0 = Release|Any CPU
	EndGlobalSection
	GlobalSection(SolutionProperties) = preSolution
		HideSolutionNode = FALSE
	EndGlobalSection
	GlobalSection(ExtensibilityGlobals) = postSolution
		SolutionGuid = {E6953804-C719-45CB-9E5E-CA0843AAC222}
	EndGlobalSection
EndGlobal
